{
  "lockfileVersion": 2,
  "configVersion": 1,
  "workspaces": {
    "": {
      "name": "bm25-mono-repo",
      "devDependencies": {
        "@biomejs/biome": "^2.4.5",
        "@d-dev/bin-upload": "latest",
        "@d-dev/changelog": "latest",
        "@types/bun": "latest",
        "typescript": "^5",
      },
    },
    "packages/cli": {
      "name": "@d-dev/bm25",
      "version": "0.0.0",
      "devDependencies": {
        "@d-dev/bm25-core": "0.0.0",
        "@d-dev/roar": "latest",
        "@types/cli-progress": "^3.11.6",
        "@types/prompts": "latest",
        "cli-progress": "^3.12.0",
        "prompts": "latest",
      },
    },
    "packages/lib": {
      "name": "@d-dev/bm25-core",
      "version": "0.0.0",
      "devDependencies": {
        "@types/stopword": "^2.0.3",
        "natural": "^8.1.1",
        "stopword": "^3.1.5",
      },
    },
  },
  "packages": {
    "@biomejs/biome": ["@biomejs/biome@2.5.14", "", { "optionalDependencies": { "@biomejs/cli-darwin-arm64": "2.5.14", "@biomejs/cli-darwin-x64": "2.5.14", "@biomejs/cli-linux-arm64": "2.5.14", "@biomejs/cli-linux-arm64-musl": "2.5.14", "@biomejs/cli-linux-x64": "2.5.14", "@biomejs/cli-linux-x64-musl": "2.5.14", "@biomejs/cli-win32-arm64": "2.5.14", "@biomejs/cli-win32-x64": "2.5.14" }, "bin": { "biome": "bin/biome" } }, "sha512-0FabLIjd4M/dm8VFI86RMaLLdgepzbdfiAL2R8cr7V81OYYrP1w7Z73KfAwPK5h9SrEBXTzNG2y+mBwPo9xRnw=="],

    "@biomejs/cli-darwin-arm64": ["@biomejs/cli-darwin-arm64@2.5.14", "", { "os": "darwin", "cpu": "arm64" }, "sha512-UnzaXO65L4tsZimFITFP2M121GyhDcWFrT3pL5ZJ5U4XcS/0L5VHYytVohdCf/gnDUFHgl2I9xnt5bV/J1kxHQ=="],

    "@biomejs/cli-darwin-x64": ["@biomejs/cli-darwin-x64@2.5.14", "", { "os": "darwin", "cpu": "x64" }, "sha512-kiy8qA16K93J7uvFfWi4LgjqDpnRKyePAna6A0Y4jxyUga35SYpIZ2cNWlhy0lsfgqRenCpfymnJWEZ6mgpRgA=="],

    "@biomejs/cli-linux-arm64": ["@biomejs/cli-linux-arm64@2.5.14", "", { "os": "linux", "cpu": "arm64" }, "sha512-vO/9BaU1n30CiFNLx49gMTMtbCAAqlo/EqFoG0BU3deQInTbJrmXSmTQ9e3FoDZIKQnvSLDVNL4lx1ci7y1T1Q=="],

    "@biomejs/cli-linux-arm64-musl": ["@biomejs/cli-linux-arm64-musl@2.5.14", "", { "os": "linux", "cpu": "arm64" }, "sha512-SJ9PrZkBnnH9dHJDnxk34vKs0GB2dbsioaft6/hPhWJ7AHpwYH83Isnhj0FSRpFkGgpVfJ1lds23ApB2czUDLQ=="],

    "@biomejs/cli-linux-x64": ["@biomejs/cli-linux-x64@2.5.14", "", { "os": "linux", "cpu": "x64" }, "sha512-VHZRa7CCQBUWKxNwUvHJeuW03WFRgN5NWO//SDGOitc9QIeNyfA42V9zlKm+x82xFSG9Bzi5fi+hbhm9anO8yA=="],

    "@biomejs/cli-linux-x64-musl": ["@biomejs/cli-linux-x64-musl@2.5.14", "", { "os": "linux", "cpu": "x64" }, "sha512-2kI5PrMgW5dcEZYrstLPmUmCwkUwZY39rP4BN93Vxbwcs2O57LDQOktUZZYPvvspN5i0mhGr3TJtF5sU26NUWg=="],

    "@biomejs/cli-win32-arm64": ["@biomejs/cli-win32-arm64@2.5.14", "", { "os": "win32", "cpu": "arm64" }, "sha512-pHgAFffmZtaYoxavEsWEYNvcA7NwOIjLyqw2HXyLbt16xYryX0L4fMV2u0G9ag6LNYPIoqWaWqzUcnc6rLGGXg=="],

    "@biomejs/cli-win32-x64": ["@biomejs/cli-win32-x64@2.5.14", "", { "os": "win32", "cpu": "x64" }, "sha512-oJWmBhoHsnhUKIke+0gXDX0mltJrWHA1UyHsrTlXwX0TL64ilVZAo+TYZm97baecV0esBdpzy3k96q+09JaZUQ=="],

    "@d-dev/bin-upload": ["@d-dev/bin-upload@0.3.0", "", { "optionalDependencies": { "@d-dev/bin-upload-darwin-arm64": "0.3.0", "@d-dev/bin-upload-darwin-x64": "0.3.0", "@d-dev/bin-upload-linux-arm64": "0.3.0", "@d-dev/bin-upload-linux-x64": "0.3.0", "@d-dev/bin-upload-win-arm64": "0.3.0", "@d-dev/bin-upload-win-x64": "0.3.0" }, "bin": { "bin-upload": "index.js" } }, "sha512-VyQeVo6StnazbcfIWPCc5jaEifUtcuKdf6XUu6H0QPKafRTNxhtRmt7mAd3DzRrgSBD7ZHMltRIimzz9K8lEkw=="],

    "@d-dev/bin-upload-darwin-arm64": ["@d-dev/bin-upload-darwin-arm64@0.3.0", "", { "os": "darwin", "cpu": "arm64" }, "sha512-XSORc1rPrg0ym0M3K7bHz+HPvf5vwVh0iQaCUtpTHM6EFldl7lKy/0NUDjJvAeBwDlF85Wa6iZ0GC0l0i9c3zw=="],

    "@d-dev/bin-upload-darwin-x64": ["@d-dev/bin-upload-darwin-x64@0.3.0", "", { "os": "darwin", "cpu": "x64" }, "sha512-eb5QeCf66MCQNjT6X4xG+wiSn8gMTTi0ECLpIe6O2kBj0e9p5z1/o3PdEUQ4E5mOkJ3M6gl8PFFZtkmNHKA+Bg=="],

    "@d-dev/bin-upload-linux-arm64": ["@d-dev/bin-upload-linux-arm64@0.3.0", "", { "os": "linux", "cpu": "arm64" }, "sha512-l6awlLN6NwOWZGUuV28BL+NnE8AhrzpPA1/A84aw/ORrFokFPnnLaLWll+JrMSaDHwPkvM23NPDh0ApjUuim7Q=="],

    "@d-dev/bin-upload-linux-x64": ["@d-dev/bin-upload-linux-x64@0.3.0", "", { "os": "linux", "cpu": "x64" }, "sha512-8UEwUlc9uYlhRDTC78q+jAJdLqwl5/cVl1o2DipM9L4lSklJkI5VhEf8u9BI5ELIs7Gs4fvqIDIqDldZoqNP/g=="],

    "@d-dev/bin-upload-win-arm64": ["@d-dev/bin-upload-win-arm64@0.3.0", "", { "os": "win32", "cpu": "arm64" }, "sha512-1Scs4Y28vuYQHCCoNG6kVMifLZp/ZxHnGdzxYZ2e0tTQUeREp1NOlmbRyAHWe25F2hAv8vKwNF5tTf+duu1JPA=="],

    "@d-dev/bin-upload-win-x64": ["@d-dev/bin-upload-win-x64@0.3.0", "", { "os": "win32", "cpu": "x64" }, "sha512-hoUFKOdVpSLb89V5W5kl2QigoB13ZGcjR5JkhYNA+NZHLkmiKaM6RnIhEkxUhmUcQb+qNP2ESq83UotjKaoD6w=="],

    "@d-dev/bm25": ["@d-dev/bm25@workspace:packages/cli"],

    "@d-dev/bm25-core": ["@d-dev/bm25-core@workspace:packages/lib"],

    "@d-dev/changelog": ["@d-dev/changelog@1.1.1", "", { "optionalDependencies": { "@d-dev/changelog-darwin-arm64": "1.1.1", "@d-dev/changelog-darwin-x64": "1.1.1", "@d-dev/changelog-linux-arm64": "1.1.1", "@d-dev/changelog-linux-x64": "1.1.1", "@d-dev/changelog-win-arm64": "1.1.1", "@d-dev/changelog-win-x64": "1.1.1" }, "bin": { "changelog": "index.js" } }, "sha512-fOTAP3j5IHNPYMJgYgstKAE6LzGN+9WPBAgS+dxk3a+LnDMx992HV0Cjy9vSaQcdcItsY2PxraGZ/XTWEvWe7g=="],

    "@d-dev/changelog-darwin-arm64": ["@d-dev/changelog-darwin-arm64@1.1.1", "", { "os": "darwin", "cpu": "arm64" }, "sha512-17WIDe5hqWEqz635fKY9TuetE3jwXlYq5jjUywFte2IGxUhi+uObXMU7torb00YxJmy8UmriLkrYjZcBtWPnKw=="],

    "@d-dev/changelog-darwin-x64": ["@d-dev/changelog-darwin-x64@1.1.1", "", { "os": "darwin", "cpu": "x64" }, "sha512-kAiNoQoi1VJWazagwdzLOT8lxIAyXGul1fJTkfEas3RAB7EumdhWktn4KEONF4I+ySJGRC8t16ofAidg6a9ERw=="],

    "@d-dev/changelog-linux-arm64": ["@d-dev/changelog-linux-arm64@1.1.1", "", { "os": "linux", "cpu": "arm64" }, "sha512-nQ5sj0SgOSpcUboj9/7vifknWaQY0zK/D9Ps2BVreJQbUXfSY1TO1K4Ftp3In5lcee8xMH87BGywxMp/jy/hXw=="],

    "@d-dev/changelog-linux-x64": ["@d-dev/changelog-linux-x64@1.1.1", "", { "os": "linux", "cpu": "x64" }, "sha512-YjpTa5QpX7hOJU+nOYqVZLGr9UQvFMn0nvh4HEcZZDgRQ4noeOOk4oUr46g13swRkDs+6vJYnCb91TYektM0iQ=="],

    "@d-dev/changelog-win-arm64": ["@d-dev/changelog-win-arm64@1.1.1", "", { "os": "win32", "cpu": "arm64" }, "sha512-SJjxD6NRkWw47/eA5wwTKqGaBbd34jt40E1LM/q6DxGF+YSP9Ee7uomZO15ErKnJjes2Y/UgBb2aqZk+9Aqq8g=="],

    "@d-dev/changelog-win-x64": ["@d-dev/changelog-win-x64@1.1.1", "", { "os": "win32", "cpu": "x64" }, "sha512-8I+93pP+AHcg+ayF85eNdkcQpHQTEBlLcCcrpDoQXCYcbDus+8axPayGaQms+qBa0L1uTLJYgNJue5C/3dQgCw=="],

    "@d-dev/roar": ["@d-dev/roar@0.0.4", "", { "dependencies": { "meow": "^14.1.0" } }, "sha512-/pKTvvpef2pjXNnLpqsHyJRO41T/TZonhw3lNu97Y/7pPtub0Sz0vim+Ajrgp27Ye8D5dPn/m0ckoZJUFy86jg=="],

    "@mongodb-js/saslprep": ["@mongodb-js/saslprep@1.5.4", "", { "dependencies": { "sparse-bitfield": "^3.0.3" } }, "sha512-05UC0jQsjKAOuXQ0H9Ud9vUTJpZIg+n/FinpR30tI5I8pY2inTfPOZ5OF/cg3Ce/N9MoD1xhRCeOsJtuTbFYlw=="],

    "@redis/bloom": ["@redis/bloom@5.12.1", "", { "peerDependencies": { "@redis/client": "^5.12.1" } }, "sha512-PUUfv+ms7jgPSBVoo/DN4AkPHj4D5TZSd6SbJX7egzBplkYUcKmHRE8RKia7UtZ8bSQbLguLvxVO+asKtQfZWA=="],

    "@redis/client": ["@redis/client@5.12.1", "", { "dependencies": { "cluster-key-slot": "1.1.2" }, "peerDependencies": { "@node-rs/xxhash": "^1.1.0", "@opentelemetry/api": ">=1 <2" }, "optionalPeers": ["@node-rs/xxhash", "@opentelemetry/api"] }, "sha512-7aPGWeqA3uFm43o19umzdl16CEjK/JQGtSXVPevplTaOU3VJA/rseBC1QvYUz9lLDIMBimc4SW/zrW4S89BaCA=="],

    "@redis/json": ["@redis/json@5.12.1", "", { "peerDependencies": { "@redis/client": "^5.12.1" } }, "sha512-eOze75esLve4vfqDel7aMX08CNaiLLQS2fV8mpRN9NxPe1rVR4vQyYiW/OgtGUysF6QOr9ANhfxABKNOJfXdKg=="],

    "@redis/search": ["@redis/search@5.12.1", "", { "peerDependencies": { "@redis/client": "^5.12.1" } }, "sha512-ItlxbxC9cKI6IU1TLWoczwJCRb6TdmkEpWv05UrPawqaAnWGRu3rcIqsc5vN483T2fSociuyV1UkWIL5I4//2w=="],

    "@redis/time-series": ["@redis/time-series@5.12.1", "", { "peerDependencies": { "@redis/client": "^5.12.1" } }, "sha512-c6JL6E3EcZJuNqKFz+KM+l9l5mpcQiKvTwgA3blt5glWJ8hjDk0yeHN3beE/MpqYIQ8UEX44ItQzgkE/gCBELQ=="],

    "@standard-schema/spec": ["@standard-schema/spec@1.1.0", "", {}, "sha512-l2aFy5jALhniG5HgqrD6jXLi/rUWrKvqN/qJx6yoJsgKhblVd+iqqU4RCXavm/jPityDo5TCvKMnpjKnOriy0w=="],

    "@types/bun": ["@types/bun@1.4.2", "", { "dependencies": { "bun-types": "1.4.2" } }, "sha512-GimotNn7+ZV0uVArItBbriZsR1oNf0+WTzPkdcFrzShI7k2norL0uzEaJT8T33dWr7O/c9ZDuAFQrctKCi72oQ=="],

    "@types/cli-progress": ["@types/cli-progress@3.11.6", "", { "dependencies": { "@types/node": "*" } }, "sha512-cE3+jb9WRlu+uOSAugewNpITJDt1VF8dHOopPO4IABFc3SXYL5WE/+PTz/FCdZRRfIujiWW3n3aMbv1eIGVRWA=="],

    "@types/node": ["@types/node@26.6.2", "", { "dependencies": { "undici-types": "~8.9.0" } }, "sha512-X1P21scMv4zGKLYqjdGjaKa7COa0RKVYYZZN/NfvLQ1JegxFhdhpZG/Lyn8AXx6CDUavKAd11v6BvfpkDByK8g=="],

    "@types/prompts": ["@types/prompts@2.4.9", "", { "dependencies": { "@types/node": "*", "kleur": "^3.0.3" } }, "sha512-qTxFi6Buiu8+50/+3DGIWLHM6QuWsEKugJnnP6iv2Mc4ncxE4A/OJkjuVOA+5X0X1S/nq5VJRa8Lu+nwcvbrKA=="],

    "@types/stopword": ["@types/stopword@2.0.3", "", {}, "sha512-hioMj0lOvISM+EDevf7ijG8EMbU+J3pj4SstCyfQC1t39uPYpAe7beSfBdU6c1d9jeECTQQtR3UJWtVoUO8Weg=="],

    "@types/webidl-conversions": ["@types/webidl-conversions@7.0.3", "", {}, "sha512-CiJJvcRtIgzadHCYXw7dqEnMNRjhGZlYK05Mj9OyktqV8uVT8fD2BFOB7S1uwBE3Kj2Z+4UyPmFw/Ixgw/LAlA=="],

    "@types/whatwg-url": ["@types/whatwg-url@13.0.0", "", { "dependencies": { "@types/webidl-conversions": "*" } }, "sha512-N8WXpbE6Wgri7KUSvrmQcqrMllKZ9uxkYWMt+mCSGwNc0Hsw9VQTW7ApqI4XNrx6/SaM2QQJCzMPDEXE058s+Q=="],

    "afinn-165": ["afinn-165@2.0.2", "", {}, "sha512-mJ/RLUfpXfQA6bzugv+bBsc/QYkVrKaLYeS8fWBpKbTCsonv4iuV9ET0fgReEunm9vKLkaNgnekuSNlTC3WQ1Q=="],

    "afinn-165-financialmarketnews": ["afinn-165-financialmarketnews@3.0.0", "", {}, "sha512-0g9A1S3ZomFIGDTzZ0t6xmv4AuokBvBmpes8htiyHpH7N4xDmvSQL6UxL/Zcs2ypRb3VwgCscaD8Q3zEawKYhw=="],

    "ansi-regex": ["ansi-regex@5.0.1", "", {}, "sha512-quJQXlTSUGL2LH9SUXo8VwsY4soanhgo6LNSm84E1LBcE8s3O0wpdiRzyR9z/ZZJMlMWv37qOOb9pdJlMUEKFQ=="],

    "apparatus": ["apparatus@0.0.10", "", { "dependencies": { "sylvester": ">= 0.0.8" } }, "sha512-KLy/ugo33KZA7nugtQ7O0E1c8kQ52N3IvD/XgIh4w/Nr28ypfkwDfA67F1ev4N1m5D+BOk1+b2dEJDfpj/VvZg=="],

    "bson": ["bson@7.3.3", "", {}, "sha512-oz3LwE3qGEhTCSyhzQRLY3Bj1NLOsjFMf6tcmY5J8M+3R7EVcmoBfSHWvjUK3yXCLDUsGpIuB3aQL4nDZ1EV/g=="],

    "bun-types": ["bun-types@1.4.2", "", { "dependencies": { "@types/node": "*" } }, "sha512-bxV1FgK7yBIzjRe5zBozIM4Bem11ZJcCXSrjWRG3YWLt8yFDePu4cLjpebO8OvPeIE9trbyPF4fuj3Cia4Fj3w=="],

    "cli-progress": ["cli-progress@3.12.0", "", { "dependencies": { "string-width": "^4.2.3" } }, "sha512-tRkV3HJ1ASwm19THiiLIXLO7Im7wlTuKnvkYaTkyoAPefqjNg7W7DHKUlGRxy9vxDvbyCYQkQozvptuMkGCg8A=="],

    "cluster-key-slot": ["cluster-key-slot@1.1.2", "", {}, "sha512-RMr0FhtfXemyinomL4hrWcYJxmX6deFdCxpJzhDttxgO1+bcCnkk+9drydLVDmAMG7NE6aN/fl4F7ucU/90gAA=="],

    "dotenv": ["dotenv@17.4.2", "", {}, "sha512-nI4U3TottKAcAD9LLud4Cb7b2QztQMUEfHbvhTH09bqXTxnSie8WnjPALV/WMCrJZ6UV/qHJ6L03OqO3LcdYZw=="],

    "emoji-regex": ["emoji-regex@8.0.0", "", {}, "sha512-MSjYzcWNOA0ewAHpz0MxpYFvwg6yjy1NG3xteoqz644VCo/RPgnr1/GGt+ic3iJTzQ8Eu3TdM14SawnVUmGE6A=="],

    "is-fullwidth-code-point": ["is-fullwidth-code-point@3.0.0", "", {}, "sha512-zymm5+u+sCsSWyD9qNaejV3DFvhCKclKdizYaJUuHA83RLjb7nSuGnddCHGv0hk+KY7BMAlsWeK4Ueg6EV6XQg=="],

    "kareem": ["kareem@3.4.0", "", {}, "sha512-JAKhnR4S027v/8949QXNInRskgETCg9rFUMi1VjhGbjX+XltCAAEFcXykkSocNkom1kc66EMJfjWvhj87BDQKg=="],

    "kleur": ["kleur@3.0.3", "", {}, "sha512-eTIzlVOSUR+JxdDFepEYcBMtZ9Qqdef+rnzWdRZuMbOywu5tO2w2N7rqjoANZ5k9vywhL6Br1VRjUIgTQx4E8w=="],

    "memjs": ["memjs@1.3.2", "", {}, "sha512-qUEg2g8vxPe+zPn09KidjIStHPtoBO8Cttm8bgJFWWabbsjQ9Av9Ky+6UcvKx6ue0LLb/LEhtcyQpRyKfzeXcg=="],

    "memory-pager": ["memory-pager@1.5.0", "", {}, "sha512-ZS4Bp4r/Zoeq6+NLJpP+0Zzm0pR8whtGPf1XExKLJBAczGMnSi3It14OiNCStjQjM6NU1okjQGSxgEZN8eBYKg=="],

    "meow": ["meow@14.1.0", "", {}, "sha512-EDYo6VlmtnumlcBCbh1gLJ//9jvM/ndXHfVXIFrZVr6fGcwTUyCTFNTLCKuY3ffbK8L/+3Mzqnd58RojiZqHVw=="],

    "mongodb": ["mongodb@7.6.0", "", { "dependencies": { "@mongodb-js/saslprep": "^1.4.11", "bson": "^7.2.0", "mongodb-connection-string-url": "^7.0.1" }, "peerDependencies": { "@aws-sdk/credential-providers": "^3.806.0", "@mongodb-js/zstd": "^7.0.0", "gcp-metadata": "^7.0.1", "kerberos": "^7.0.0", "mongodb-client-encryption": "^7.2.0", "snappy": "^7.3.2", "socks": "^2.8.6" }, "optionalPeers": ["@aws-sdk/credential-providers", "@mongodb-js/zstd", "gcp-metadata", "kerberos", "mongodb-client-encryption", "snappy", "socks"] }, "sha512-WbZ6OCjYw2c53LOjfkQa+reXr7kIiOVpXXglnASFuiMtif0BvsMwHe3ClJHLm1/r7wJFwaasfFtD6iYIktB01g=="],

    "mongodb-connection-string-url": ["mongodb-connection-string-url@7.0.2", "", { "dependencies": { "@types/whatwg-url": "^13.0.0", "whatwg-url": "^14.1.0" } }, "sha512-ZoS07RoFqpKYQwAk59qmrx8+jJHNHU30UjlU96QktiGn1ltvDr+vCznLX5DiUBLEpMAHatHNWV1nM/74ul66kA=="],

    "mongoose": ["mongoose@9.10.1", "", { "dependencies": { "@standard-schema/spec": "^1.1.0", "kareem": "3.4.0", "mongodb": "~7.6", "mpath": "0.9.0", "mquery": "6.0.0", "ms": "2.1.3", "sift": "17.1.3" } }, "sha512-rRIEGbM3rUgXAY554CEsgp+IxImo6D3ILUr3SJDnC2PLPNTcNe2xxYvazSLtvvTjv3A4MgqvsxCj3ViF4mHUUQ=="],

    "mpath": ["mpath@0.9.0", "", {}, "sha512-ikJRQTk8hw5DEoFVxHG1Gn9T/xcjtdnOKIU1JTmGjZZlg9LST2mBLmcX3/ICIbgJydT2GOc15RnNy5mHmzfSew=="],

    "mquery": ["mquery@6.0.0", "", {}, "sha512-b2KQNsmgtkscfeDgkYMcWGn9vZI9YoXh802VDEwE6qc50zxBFQ0Oo8ROkawbPAsXCY1/Z1yp0MagqsZStPWJjw=="],

    "ms": ["ms@2.1.3", "", {}, "sha512-6FlzubTLZG3J2a/NVCAleEhjzq5oxgHyaCU9yYXvcLsvoVaHJq/s5xXI6/XXP6tz7R9xAOtHnSO/tXtF3WRTlA=="],

    "natural": ["natural@8.1.1", "", { "dependencies": { "afinn-165": "^2.0.2", "afinn-165-financialmarketnews": "^3.0.0", "apparatus": "^0.0.10", "dotenv": "^17.3.1", "memjs": "^1.3.2", "mongoose": "^9.2.1", "pg": "^8.18.0", "redis": "^5.11.0", "safe-stable-stringify": "^2.5.0", "stopwords-iso": "^1.1.0", "sylvester": "^0.0.21", "underscore": "^1.13.0", "uuid": "^13.0.0", "wordnet-db": "^3.1.14" } }, "sha512-Ucb+lsUcGxUqu3rn8cwHjT6gJQosO63nIX/aBQXB3+IDkNbFV7PuviysO+Rzz3aKn7PZhPj3bNF4PS9gDVjYCQ=="],

    "pg": ["pg@8.23.0", "", { "dependencies": { "pg-connection-string": "^2.14.0", "pg-pool": "^3.14.0", "pg-protocol": "^1.16.0", "pg-types": "2.2.0", "pgpass": "1.0.5" }, "optionalDependencies": { "pg-cloudflare": "^1.4.0" }, "peerDependencies": { "pg-native": ">=3.0.1" }, "optionalPeers": ["pg-native"] }, "sha512-Ip2EQCngowJLGOfCwkFhPXU7/ljlhn6Rxlmy4XYfL2Y+vyRM59+8uR2xqRWKdYmbXmxCFOAmKxBuSUCdF34qLg=="],

    "pg-cloudflare": ["pg-cloudflare@1.4.0", "", {}, "sha512-Vo7z/6rrQYxpNRylp4Tlob2elzbh+N/MOQbxFVWCxS7oEx6jF53GTJFxK2WWpKuBRkmiin4Mt+xofFDjx09R0A=="],

    "pg-connection-string": ["pg-connection-string@2.14.0", "", {}, "sha512-XwWDGcLRGCXAR8F/AM5bG7Q+A3Wm2s6QeEjlOKZLlH3UYcguiqCWKyWXVag5TLTIjR7oOJUY8kcADaZgWPyLeg=="],

    "pg-int8": ["pg-int8@1.0.1", "", {}, "sha512-WCtabS6t3c8SkpDBUlb1kjOs7l66xsGdKpIPZsg4wR+B3+u9UAum2odSsF9tnvxg80h4ZxLWMy4pRjOsFIqQpw=="],

    "pg-pool": ["pg-pool@3.14.0", "", { "peerDependencies": { "pg": ">=8.0" } }, "sha512-gKtPkFdQPU3DksooVLi9LsjZxrsBUZIpa+7aVx+LV5pNh0KzP4Zleud2po+ConrxbuXGBJ6Hfer6hdgpIBpBaw=="],

    "pg-protocol": ["pg-protocol@1.16.0", "", {}, "sha512-sILXutLVjCLjcDuOmvhX5e2Z4cS5qG/6Bu3VkpFwdf/633ElGLpEh9bgmuI5I4sqKqkifQiGyiCcx1HdtrK7tg=="],

    "pg-types": ["pg-types@2.2.0", "", { "dependencies": { "pg-int8": "1.0.1", "postgres-array": "~2.0.0", "postgres-bytea": "~1.0.0", "postgres-date": "~1.0.4", "postgres-interval": "^1.1.0" } }, "sha512-qTAAlrEsl8s4OiEQY69wDvcMIdQN6wdz5ojQiOy6YRMuynxenON0O5oCpJI6lshc6scgAY8qvJ2On/p+CXY0GA=="],

    "pgpass": ["pgpass@1.0.5", "", { "dependencies": { "split2": "^4.1.0" } }, "sha512-FdW9r/jQZhSeohs1Z3sI1yxFQNFvMcnmfuj4WBMUTxOrAyLMaTcE1aAMBiTlbMNaXvBCQuVi0R7hd8udDSP7ug=="],

    "postgres-array": ["postgres-array@2.0.0", "", {}, "sha512-VpZrUqU5A69eQyW2c5CA1jtLecCsN2U/bD6VilrFDWq5+5UIEVO7nazS3TEcHf1zuPYO/sqGvUvW62g86RXZuA=="],

    "postgres-bytea": ["postgres-bytea@1.0.1", "", {}, "sha512-5+5HqXnsZPE65IJZSMkZtURARZelel2oXUEO8rH83VS/hxH5vv1uHquPg5wZs8yMAfdv971IU+kcPUczi7NVBQ=="],

    "postgres-date": ["postgres-date@1.0.7", "", {}, "sha512-suDmjLVQg78nMK2UZ454hAG+OAW+HQPZ6n++TNDUX+L0+uUlLywnoxJKDou51Zm+zTCjrCl0Nq6J9C5hP9vK/Q=="],

    "postgres-interval": ["postgres-interval@1.2.0", "", { "dependencies": { "xtend": "^4.0.0" } }, "sha512-9ZhXKM/rw350N1ovuWHbGxnGh/SNJ4cnxHiM0rxE4VN41wsg8P8zWn9hv/buK00RP4WvlOyr/RBDiptyxVbkZQ=="],

    "prompts": ["prompts@2.4.2", "", { "dependencies": { "kleur": "^3.0.3", "sisteransi": "^1.0.5" } }, "sha512-NxNv/kLguCA7p3jE8oL2aEBsrJWgAakBpgmgK6lpPWV+WuOmY6r2/zbAVnP+T8bQlA0nzHXSJSJW0Hq7ylaD2Q=="],

    "punycode": ["punycode@2.3.1", "", {}, "sha512-vYt7UD1U9Wg6138shLtLOvdAu+8DsC/ilFtEVHcH+wydcSpNE20AfSOduf6MkRFahL5FY7X1oU7nKVZFtfq8Fg=="],

    "redis": ["redis@5.12.1", "", { "dependencies": { "@redis/bloom": "5.12.1", "@redis/client": "5.12.1", "@redis/json": "5.12.1", "@redis/search": "5.12.1", "@redis/time-series": "5.12.1" } }, "sha512-LDsoVvb/CpoV9EN3FXvgvSHNJWuCIzl9MiO3ppOevuGLpSGJhwfQjpEwfFJcQvNSddHADDdZaWx0HnmMxRXG7g=="],

    "safe-stable-stringify": ["safe-stable-stringify@2.5.0", "", {}, "sha512-b3rppTKm9T+PsVCBEOUR46GWI7fdOs00VKZ1+9c1EWDaDMvjQc6tUwuFyIprgGgTcWoVHSKrU8H31ZHA2e0RHA=="],

    "sift": ["sift@17.1.3", "", {}, "sha512-Rtlj66/b0ICeFzYTuNvX/EF1igRbbnGSvEyT79McoZa/DeGhMyC5pWKOEsZKnpkqtSeovd5FL/bjHWC3CIIvCQ=="],

    "sisteransi": ["sisteransi@1.0.5", "", {}, "sha512-bLGGlR1QxBcynn2d5YmDX4MGjlZvy2MRBDRNHLJ8VI6l6+9FUiyTFNJ0IveOSP0bcXgVDPRcfGqA0pjaqUpfVg=="],

    "sparse-bitfield": ["sparse-bitfield@3.0.3", "", { "dependencies": { "memory-pager": "^1.0.2" } }, "sha512-kvzhi7vqKTfkh0PZU+2D2PIllw2ymqJKujUcyPMd9Y75Nv4nPbGJZXNhxsgdQab2BmlDct1YnfQCguEvHr7VsQ=="],

    "split2": ["split2@4.2.0", "", {}, "sha512-UcjcJOWknrNkF6PLX83qcHM6KHgVKNkV62Y8a5uYDVv9ydGQVwAHMKqHdJje1VTWpljG0WYpCDhrCdAOYH4TWg=="],

    "stopword": ["stopword@3.1.5", "", {}, "sha512-OgLYGVFCNa430WOrj9tYZhQge5yg6vd6JsKredveAqEhdLVQkfrpnQIGjx0L9lLqzL4Kq4J8yNTcfQR/MpBwhg=="],

    "stopwords-iso": ["stopwords-iso@1.1.0", "", {}, "sha512-I6GPS/E0zyieHehMRPQcqkiBMJKGgLta+1hREixhoLPqEA0AlVFiC43dl8uPpmkkeRdDMzYRWFWk5/l9x7nmNg=="],

    "string-width": ["string-width@4.2.3", "", { "dependencies": { "emoji-regex": "^8.0.0", "is-fullwidth-code-point": "^3.0.0", "strip-ansi": "^6.0.1" } }, "sha512-wKyQRQpjJ0sIp62ErSZdGsjMJWsap5oRNihHhu6G7JVO/9jIB6UyevL+tXuOqrng8j/cxKTWyWUwvSTriiZz/g=="],

    "strip-ansi": ["strip-ansi@6.0.1", "", { "dependencies": { "ansi-regex": "^5.0.1" } }, "sha512-Y38VPSHcqkFrCpFnQ9vuSXmquuv5oXOKpGeT6aGrr3o3Gc9AlVa6JBfUSOCnbxGGZF+/0ooI7KrPuUSztUdU5A=="],

    "sylvester": ["sylvester@0.0.21", "", {}, "sha512-yUT0ukFkFEt4nb+NY+n2ag51aS/u9UHXoZw+A4jgD77/jzZsBoSDHuqysrVCBC4CYR4TYvUJq54ONpXgDBH8tA=="],

    "tr46": ["tr46@5.1.1", "", { "dependencies": { "punycode": "^2.3.1" } }, "sha512-hdF5ZgjTqgAntKkklYw0R03MG2x/bSzTtkxmIRw/sTNV8YXsCJ1tfLAX23lhxhHJlEf3CRCOCGGWw3vI3GaSPw=="],

    "typescript": ["typescript@5.9.3", "", { "bin": { "tsc": "bin/tsc", "tsserver": "bin/tsserver" } }, "sha512-jl1vZzPDinLr9eUt3J/t7V6FgNEw9QjvBPdysz9KfQDD41fQrC2Y4vKQdiaUpFT4bXlb1RHhLpp8wtm6M5TgSw=="],

    "underscore": ["underscore@1.13.8", "", {}, "sha512-DXtD3ZtEQzc7M8m4cXotyHR+FAS18C64asBYY5vqZexfYryNNnDc02W4hKg3rdQuqOYas1jkseX0+nZXjTXnvQ=="],

    "undici-types": ["undici-types@8.9.0", "", {}, "sha512-KTDyRTYX8sWmKXAikPHHSyc63CRPETMctyjKFupcC6OBLXT3xsN0e9aF7m+mIXutFWpUXuedtowG7iLOzp0kQg=="],

    "uuid": ["uuid@13.0.2", "", { "bin": { "uuid": "dist-node/bin/uuid" } }, "sha512-vzi9uRZ926x4XV73S/4qQaTwPXM2JBj6/6lI/byHH1jOpCzb0zDbfytgA9LcN/hzb2l7WQSQnxITOVx5un/wGw=="],

    "webidl-conversions": ["webidl-conversions@7.0.0", "", {}, "sha512-VwddBukDzu71offAQR975unBIGqfKZpM+8ZX6ySk8nYhVoo5CYaZyzt3YBvYtRtO+aoGlqxPg/B87NGVZ/fu6g=="],

    "whatwg-url": ["whatwg-url@14.2.0", "", { "dependencies": { "tr46": "^5.1.0", "webidl-conversions": "^7.0.0" } }, "sha512-De72GdQZzNTUBBChsXueQUnPKDkg/5A5zp7pFDuQAj5UFoENpiACU0wlCvzpAGnTkj++ihpKwKyYewn/XNUbKw=="],

    "wordnet-db": ["wordnet-db@3.1.14", "", {}, "sha512-zVyFsvE+mq9MCmwXUWHIcpfbrHHClZWZiVOzKSxNJruIcFn2RbY55zkhiAMMxM8zCVSmtNiViq8FsAZSFpMYag=="],

    "xtend": ["xtend@4.0.2", "", {}, "sha512-LKYU1iAXJXUgAXn9URjiu+MWhyUXHsvfp7mcuYm9dSUKK0/CjtrUwFAxD82/mCWbtLsGjFIad0wIsod4zrTAEQ=="],
  }
}
